<Solution>
  <Project Path="Madduck.Room.csproj" />
  <Project Path="spine-unity-examples.csproj" />
  <Project Path="spine-unity-editor.csproj" />
  <Project Path="Extensions.csproj" />
  <Project Path="spine-unity.csproj" />
  <Project Path="AssetUsageDetector.Editor.csproj" />
  <Project Path="Madduck.Fishing.csproj" />
  <Project Path="Sirenix.OdinInspector.Modules.UnityLocalization.Editor.csproj" />
  <Project Path="Madduck.WeatherPreset.csproj" />
  <Project Path="Madduck.Shared.csproj" />
  <Project Path="Madduck.GameData.csproj" />
  <Project Path="Madduck.Utils.csproj" />
  <Project Path="PrimeTween.Demo.csproj" />
  <Project Path="Madduck.Core.csproj" />
  <Project Path="FMODUnityResonanceEditor.csproj" />
  <Project Path="Madduck.Audio.csproj" />
  <Project Path="FMODUnityEditor.csproj" />
  <Project Path="Assembly-CSharp-Editor-firstpass.csproj" />
  <Project Path="FMODUnity.csproj" />
  <Project Path="Madduck.Day.csproj" />
  <Project Path="ExtensionsEditor.csproj" />
  <Project Path="Sirenix.OdinInspector.Modules.Unity.Addressables.csproj" />
  <Project Path="Madduck.Save.csproj" />
  <Project Path="Madduck.Input.csproj" />
  <Project Path="Madduck.RoomPreset.csproj" />
  <Project Path="FMODUnityResonance.csproj" />
  <Project Path="Assembly-CSharp-firstpass.csproj" />
  <Project Path="Sirenix.OdinInspector.Modules.UnityMathematics.csproj" />
  <Project Path="PrimeTween.Debug.csproj" />
  <Project Path="sc.utilities.selectionhistory.editor.csproj" />
  <Project Path="Shapes2D.csproj" />
  <Project Path="Sirenix.OdinInspector.Modules.UnityLocalization.csproj" />
  <Project Path="spine-unity-examples-editor.csproj" />
  <Project Path="PrimeTween.Installer.csproj" />
</Solution>
